{
  "nodes": {
    "nixpkgs": {
      "locked": {
        "lastModified": 1723923541,
        "narHash": "sha256-b6gFHRLP1a3vFhJYVq2jDqnM0PPIGYKl1ecdRIDqLfs=",
        "owner": "NickCao",
        "repo": "nixpkgs",
        "rev": "fd5f2f5eb22c7d04cf88838ea232d0a7d6791e36",
        "type": "github"
      },
      "original": {
        "owner": "NickCao",
        "ref": "telegram-desktop",
        "repo": "nixpkgs",
        "type": "github"
      }
    },
    "root": {
      "inputs": {
        "nixpkgs": "nixpkgs"
      }
    }
  },
  "root": "root",
  "version": 7
}
