{
  "nodes": {
    "nixpkgs": {
      "locked": {
        "lastModified": 1721524691,
        "narHash": "sha256-aE4vMfHfpX6KP9VWqVdXtoDUlvFR34wEIjqsqnKrVdY=",
        "owner": "nixos",
        "repo": "nixpkgs",
        "rev": "c9ed026def59fe978203a2b28eccdbaa7e5fadc9",
        "type": "github"
      },
      "original": {
        "owner": "nixos",
        "repo": "nixpkgs",
        "rev": "c9ed026def59fe978203a2b28eccdbaa7e5fadc9",
        "type": "github"
      }
    },
    "root": {
      "inputs": {
        "nixpkgs": "nixpkgs"
      }
    }
  },
  "root": "root",
  "version": 7
}
